{
  "name": "do_with_frontend",
  "lockfileVersion": 3,
  "requires": true,
  "packages": {
    "": {
      "dependencies": {
        "gradlew": "^0.0.1-security"
      }
    },
    "node_modules/gradlew": {
      "version": "0.0.1-security",
      "resolved": "https://registry.npmjs.org/gradlew/-/gradlew-0.0.1-security.tgz",
      "integrity": "sha512-IjxmmNw8QNNhUREDeFDff+TfPFo2rjmgbk+uqkA4HXJdABx5TwIrgBBUmhl80TcjSOnJ8gSwiOg8Ui1UBrGPwQ=="
    }
  }
}
